
Microsoft Visual Studio Solution File, Format Version 12.00
# Visual Studio 2013
VisualStudioVersion = 12.0.21005.1
MinimumVisualStudioVersion = 10.0.40219.1
Project("{FAE04EC0-301F-11D3-BF4B-00C04F79EFBC}") = "MyApp", "My App\MyApp.csproj", "{88F998B8-299E-4AAC-B721-ABAA5ECA9B9A}"
EndProject
Project("{FAE04EC0-301F-11D3-BF4B-00C04F79EFBC}") = "MyLibrary", "My Library\MyLibrary.csproj", "{7E70B444-9D9F-4892-952F-413CBE12D21C}"
EndProject
Project("{FAE04EC0-301F-11D3-BF4B-00C04F79EFBC}") = "UnitTestMyApp", "UnitTestMyApp\UnitTestMyApp.csproj", "{FCAD0C82-7F9A-4F2D-BA26-E45A3AEECF75}"
EndProject
Project("{FAE04EC0-301F-11D3-BF4B-00C04F79EFBC}") = "Program2", "Program2\Program2.csproj", "{C4B582F2-2F7B-4B2B-B7D8-781E6D60313E}"
EndProject
Project("{FAE04EC0-301F-11D3-BF4B-00C04F79EFBC}") = "program3", "program3\program3.csproj", "{524A7500-DE00-4623-8567-CB411A21F0D5}"
EndProject
Project("{FAE04EC0-301F-11D3-BF4B-00C04F79EFBC}") = "Collections", "Collections\Collections.csproj", "{703469B5-8A7F-46B4-BFED-45FBF81B7EA7}"
EndProject
Global
	GlobalSection(SolutionConfigurationPlatforms) = preSolution
		Debug|Any CPU = Debug|Any CPU
		Release|Any CPU = Release|Any CPU
	EndGlobalSection
	GlobalSection(ProjectConfigurationPlatforms) = postSolution
		{88F998B8-299E-4AAC-B721-ABAA5ECA9B9A}.Debug|Any CPU.ActiveCfg = Debug|Any CPU
		{88F998B8-299E-4AAC-B721-ABAA5ECA9B9A}.Debug|Any CPU.Build.0 = Debug|Any CPU
		{88F998B8-299E-4AAC-B721-ABAA5ECA9B9A}.Release|Any CPU.ActiveCfg = Release|Any CPU
		{88F998B8-299E-4AAC-B721-ABAA5ECA9B9A}.Release|Any CPU.Build.0 = Release|Any CPU
		{7E70B444-9D9F-4892-952F-413CBE12D21C}.Debug|Any CPU.ActiveCfg = Debug|Any CPU
		{7E70B444-9D9F-4892-952F-413CBE12D21C}.Debug|Any CPU.Build.0 = Debug|Any CPU
		{7E70B444-9D9F-4892-952F-413CBE12D21C}.Release|Any CPU.ActiveCfg = Release|Any CPU
		{7E70B444-9D9F-4892-952F-413CBE12D21C}.Release|Any CPU.Build.0 = Release|Any CPU
		{FCAD0C82-7F9A-4F2D-BA26-E45A3AEECF75}.Debug|Any CPU.ActiveCfg = Debug|Any CPU
		{FCAD0C82-7F9A-4F2D-BA26-E45A3AEECF75}.Debug|Any CPU.Build.0 = Debug|Any CPU
		{FCAD0C82-7F9A-4F2D-BA26-E45A3AEECF75}.Release|Any CPU.ActiveCfg = Release|Any CPU
		{FCAD0C82-7F9A-4F2D-BA26-E45A3AEECF75}.Release|Any CPU.Build.0 = Release|Any CPU
		{C4B582F2-2F7B-4B2B-B7D8-781E6D60313E}.Debug|Any CPU.ActiveCfg = Debug|Any CPU
		{C4B582F2-2F7B-4B2B-B7D8-781E6D60313E}.Debug|Any CPU.Build.0 = Debug|Any CPU
		{C4B582F2-2F7B-4B2B-B7D8-781E6D60313E}.Release|Any CPU.ActiveCfg = Release|Any CPU
		{C4B582F2-2F7B-4B2B-B7D8-781E6D60313E}.Release|Any CPU.Build.0 = Release|Any CPU
		{524A7500-DE00-4623-8567-CB411A21F0D5}.Debug|Any CPU.ActiveCfg = Debug|Any CPU
		{524A7500-DE00-4623-8567-CB411A21F0D5}.Debug|Any CPU.Build.0 = Debug|Any CPU
		{524A7500-DE00-4623-8567-CB411A21F0D5}.Release|Any CPU.ActiveCfg = Release|Any CPU
		{524A7500-DE00-4623-8567-CB411A21F0D5}.Release|Any CPU.Build.0 = Release|Any CPU
		{703469B5-8A7F-46B4-BFED-45FBF81B7EA7}.Debug|Any CPU.ActiveCfg = Debug|Any CPU
		{703469B5-8A7F-46B4-BFED-45FBF81B7EA7}.Debug|Any CPU.Build.0 = Debug|Any CPU
		{703469B5-8A7F-46B4-BFED-45FBF81B7EA7}.Release|Any CPU.ActiveCfg = Release|Any CPU
		{703469B5-8A7F-46B4-BFED-45FBF81B7EA7}.Release|Any CPU.Build.0 = Release|Any CPU
	EndGlobalSection
	GlobalSection(SolutionProperties) = preSolution
		HideSolutionNode = FALSE
	EndGlobalSection
EndGlobal
